
Microsoft Visual Studio Solution File, Format Version 12.00
# Visual Studio Version 16
VisualStudioVersion = 16.0.30114.105
MinimumVisualStudioVersion = 10.0.40219.1
Project("{FAE04EC0-301F-11D3-BF4B-00C04F79EFBC}") = "Flower", "Flower\Flower.csproj", "{916C3478-E4B2-4897-8998-F132BCBD3FDE}"
EndProject
Global
	GlobalSection(SolutionConfigurationPlatforms) = preSolution
		Debug|Any CPU = Debug|Any CPU
		Release|Any CPU = Release|Any CPU
	EndGlobalSection
	GlobalSection(ProjectConfigurationPlatforms) = postSolution
		{916C3478-E4B2-4897-8998-F132BCBD3FDE}.Debug|Any CPU.ActiveCfg = Debug|Any CPU
		{916C3478-E4B2-4897-8998-F132BCBD3FDE}.Debug|Any CPU.Build.0 = Debug|Any CPU
		{916C3478-E4B2-4897-8998-F132BCBD3FDE}.Release|Any CPU.ActiveCfg = Release|Any CPU
		{916C3478-E4B2-4897-8998-F132BCBD3FDE}.Release|Any CPU.Build.0 = Release|Any CPU
	EndGlobalSection
	GlobalSection(SolutionProperties) = preSolution
		HideSolutionNode = FALSE
	EndGlobalSection
	GlobalSection(ExtensibilityGlobals) = postSolution
		SolutionGuid = {5A271A23-8B55-4590-8C43-56E48DE36AC5}
	EndGlobalSection
EndGlobal
